
Microsoft Visual Studio Solution File, Format Version 12.00
# Visual Studio Version 17
VisualStudioVersion = 17.13.35806.99 d17.13
MinimumVisualStudioVersion = 10.0.40219.1
Project("{FAE04EC0-301F-11D3-BF4B-00C04F79EFBC}") = "RazorShop", "RazorShop\RazorShop.csproj", "{52862B39-EFF2-4CDD-BAEF-4000E37A178D}"
EndProject
Global
	GlobalSection(SolutionConfigurationPlatforms) = preSolution
		Debug|Any CPU = Debug|Any CPU
		Release|Any CPU = Release|Any CPU
	EndGlobalSection
	GlobalSection(ProjectConfigurationPlatforms) = postSolution
		{52862B39-EFF2-4CDD-BAEF-4000E37A178D}.Debug|Any CPU.ActiveCfg = Debug|Any CPU
		{52862B39-EFF2-4CDD-BAEF-4000E37A178D}.Debug|Any CPU.Build.0 = Debug|Any CPU
		{52862B39-EFF2-4CDD-BAEF-4000E37A178D}.Release|Any CPU.ActiveCfg = Release|Any CPU
		{52862B39-EFF2-4CDD-BAEF-4000E37A178D}.Release|Any CPU.Build.0 = Release|Any CPU
	EndGlobalSection
	GlobalSection(SolutionProperties) = preSolution
		HideSolutionNode = FALSE
	EndGlobalSection
	GlobalSection(ExtensibilityGlobals) = postSolution
		SolutionGuid = {5258F50B-D438-40B2-A16E-F77A29E4148F}
	EndGlobalSection
EndGlobal
